Microsoft Visual Studio Solution File, Format Version 11.00
# Visual Studio 2008

Project("{0A5C6674-DCC3-5AAF-4F66-C29F86300CDA}") = "CarProject_multiplayer_solution_cleanup V10", "Assembly-CSharp-firstpass.csproj", "{A25256D4-2BAE-3F84-F5B2-9FC06C37FFE5}"
EndProject
Project("{0A5C6674-DCC3-5AAF-4F66-C29F86300CDA}") = "CarProject_multiplayer_solution_cleanup V10", "Assembly-CSharp.csproj", "{53A361F0-D15D-F806-801B-17CADD5E1987}"
EndProject
Project("{0A5C6674-DCC3-5AAF-4F66-C29F86300CDA}") = "CarProject_multiplayer_solution_cleanup V10", "Assembly-CSharp-Editor.csproj", "{7FEB60B6-A554-BC32-6BE8-B850D453AA16}"
EndProject
Project("{0A5C6674-DCC3-5AAF-4F66-C29F86300CDA}") = "CarProject_multiplayer_solution_cleanup V10", "Assembly-Boo-Editor.booproj", "{01E36648-C020-FE2B-EF7F-747248C28239}"
EndProject
Project("{0A5C6674-DCC3-5AAF-4F66-C29F86300CDA}") = "CarProject_multiplayer_solution_cleanup V10", "Assembly-UnityScript-Editor.unityproj", "{4778090E-98B8-1074-B8B5-14B4F59E59C5}"
EndProject
Global
	GlobalSection(SolutionConfigurationPlatforms) = preSolution
		Debug|Any CPU = Debug|Any CPU
		Release|Any CPU = Release|Any CPU
	EndGlobalSection
	GlobalSection(ProjectConfigurationPlatforms) = postSolution
		{A25256D4-2BAE-3F84-F5B2-9FC06C37FFE5}.Debug|Any CPU.ActiveCfg = Debug|Any CPU
		{A25256D4-2BAE-3F84-F5B2-9FC06C37FFE5}.Debug|Any CPU.Build.0 = Debug|Any CPU
		{A25256D4-2BAE-3F84-F5B2-9FC06C37FFE5}.Release|Any CPU.ActiveCfg = Release|Any CPU
		{A25256D4-2BAE-3F84-F5B2-9FC06C37FFE5}.Release|Any CPU.Build.0 = Release|Any CPU
		{53A361F0-D15D-F806-801B-17CADD5E1987}.Debug|Any CPU.ActiveCfg = Debug|Any CPU
		{53A361F0-D15D-F806-801B-17CADD5E1987}.Debug|Any CPU.Build.0 = Debug|Any CPU
		{53A361F0-D15D-F806-801B-17CADD5E1987}.Release|Any CPU.ActiveCfg = Release|Any CPU
		{53A361F0-D15D-F806-801B-17CADD5E1987}.Release|Any CPU.Build.0 = Release|Any CPU
		{7FEB60B6-A554-BC32-6BE8-B850D453AA16}.Debug|Any CPU.ActiveCfg = Debug|Any CPU
		{7FEB60B6-A554-BC32-6BE8-B850D453AA16}.Debug|Any CPU.Build.0 = Debug|Any CPU
		{7FEB60B6-A554-BC32-6BE8-B850D453AA16}.Release|Any CPU.ActiveCfg = Release|Any CPU
		{7FEB60B6-A554-BC32-6BE8-B850D453AA16}.Release|Any CPU.Build.0 = Release|Any CPU
		{01E36648-C020-FE2B-EF7F-747248C28239}.Debug|Any CPU.ActiveCfg = Debug|Any CPU
		{01E36648-C020-FE2B-EF7F-747248C28239}.Debug|Any CPU.Build.0 = Debug|Any CPU
		{01E36648-C020-FE2B-EF7F-747248C28239}.Release|Any CPU.ActiveCfg = Release|Any CPU
		{01E36648-C020-FE2B-EF7F-747248C28239}.Release|Any CPU.Build.0 = Release|Any CPU
		{4778090E-98B8-1074-B8B5-14B4F59E59C5}.Debug|Any CPU.ActiveCfg = Debug|Any CPU
		{4778090E-98B8-1074-B8B5-14B4F59E59C5}.Debug|Any CPU.Build.0 = Debug|Any CPU
		{4778090E-98B8-1074-B8B5-14B4F59E59C5}.Release|Any CPU.ActiveCfg = Release|Any CPU
		{4778090E-98B8-1074-B8B5-14B4F59E59C5}.Release|Any CPU.Build.0 = Release|Any CPU
	EndGlobalSection
	GlobalSection(SolutionProperties) = preSolution
		HideSolutionNode = FALSE
	EndGlobalSection
			GlobalSection(MonoDevelopProperties) = preSolution
		StartupItem = Assembly-CSharp.csproj
		Policies = $0
		$0.TextStylePolicy = $1
		$1.inheritsSet = null
		$1.scope = text/x-csharp
		$0.CSharpFormattingPolicy = $2
		$2.inheritsSet = Mono
		$2.inheritsScope = text/x-csharp
		$2.scope = text/x-csharp
		$0.TextStylePolicy = $3
		$3.FileWidth = 120
		$3.TabWidth = 4
		$3.EolMarker = Unix
		$3.inheritsSet = Mono
		$3.inheritsScope = text/plain
		$3.scope = text/plain
	EndGlobalSection

EndGlobal
