Microsoft Visual Studio Solution File, Format Version 11.00
# Visual Studio 2008

Project("{D3822657-3868-1223-8643-1790C5DB8CC5}") = "CarProject_fixed_raycast_nowaypoints V2", "Assembly-CSharp.csproj", "{92446EDF-143E-BB62-A075-7CF7C7E2D046}"
EndProject
Project("{D3822657-3868-1223-8643-1790C5DB8CC5}") = "CarProject_fixed_raycast_nowaypoints V2", "Assembly-CSharp-Editor.csproj", "{87882BF0-B7C5-DA1E-6527-85EBFDED0F60}"
EndProject
Project("{D3822657-3868-1223-8643-1790C5DB8CC5}") = "CarProject_fixed_raycast_nowaypoints V2", "Assembly-Boo-Editor.booproj", "{CE447B9F-98A4-E242-3AD1-D630152F5C9B}"
EndProject
Project("{D3822657-3868-1223-8643-1790C5DB8CC5}") = "CarProject_fixed_raycast_nowaypoints V2", "Assembly-UnityScript-Editor.unityproj", "{12633817-2B8B-0302-49B3-A7CA7D1F011B}"
EndProject
Global
	GlobalSection(SolutionConfigurationPlatforms) = preSolution
		Debug|Any CPU = Debug|Any CPU
		Release|Any CPU = Release|Any CPU
	EndGlobalSection
	GlobalSection(ProjectConfigurationPlatforms) = postSolution
		{92446EDF-143E-BB62-A075-7CF7C7E2D046}.Debug|Any CPU.ActiveCfg = Debug|Any CPU
		{92446EDF-143E-BB62-A075-7CF7C7E2D046}.Debug|Any CPU.Build.0 = Debug|Any CPU
		{92446EDF-143E-BB62-A075-7CF7C7E2D046}.Release|Any CPU.ActiveCfg = Release|Any CPU
		{92446EDF-143E-BB62-A075-7CF7C7E2D046}.Release|Any CPU.Build.0 = Release|Any CPU
		{87882BF0-B7C5-DA1E-6527-85EBFDED0F60}.Debug|Any CPU.ActiveCfg = Debug|Any CPU
		{87882BF0-B7C5-DA1E-6527-85EBFDED0F60}.Debug|Any CPU.Build.0 = Debug|Any CPU
		{87882BF0-B7C5-DA1E-6527-85EBFDED0F60}.Release|Any CPU.ActiveCfg = Release|Any CPU
		{87882BF0-B7C5-DA1E-6527-85EBFDED0F60}.Release|Any CPU.Build.0 = Release|Any CPU
		{CE447B9F-98A4-E242-3AD1-D630152F5C9B}.Debug|Any CPU.ActiveCfg = Debug|Any CPU
		{CE447B9F-98A4-E242-3AD1-D630152F5C9B}.Debug|Any CPU.Build.0 = Debug|Any CPU
		{CE447B9F-98A4-E242-3AD1-D630152F5C9B}.Release|Any CPU.ActiveCfg = Release|Any CPU
		{CE447B9F-98A4-E242-3AD1-D630152F5C9B}.Release|Any CPU.Build.0 = Release|Any CPU
		{12633817-2B8B-0302-49B3-A7CA7D1F011B}.Debug|Any CPU.ActiveCfg = Debug|Any CPU
		{12633817-2B8B-0302-49B3-A7CA7D1F011B}.Debug|Any CPU.Build.0 = Debug|Any CPU
		{12633817-2B8B-0302-49B3-A7CA7D1F011B}.Release|Any CPU.ActiveCfg = Release|Any CPU
		{12633817-2B8B-0302-49B3-A7CA7D1F011B}.Release|Any CPU.Build.0 = Release|Any CPU
	EndGlobalSection
	GlobalSection(SolutionProperties) = preSolution
		HideSolutionNode = FALSE
	EndGlobalSection
							GlobalSection(MonoDevelopProperties) = preSolution
		StartupItem = Assembly-CSharp.csproj
		Policies = $0
		$0.TextStylePolicy = $1
		$1.inheritsSet = null
		$1.scope = text/x-csharp
		$0.CSharpFormattingPolicy = $2
		$2.inheritsSet = Mono
		$2.inheritsScope = text/x-csharp
		$2.scope = text/x-csharp
		$0.TextStylePolicy = $3
		$3.FileWidth = 120
		$3.TabWidth = 4
		$3.EolMarker = Unix
		$3.inheritsSet = Mono
		$3.inheritsScope = text/plain
		$3.scope = text/plain
	EndGlobalSection

EndGlobal
